
Microsoft Visual Studio Solution File, Format Version 12.00
# Visual Studio Version 17
VisualStudioVersion = 17.9.34616.47
MinimumVisualStudioVersion = 10.0.40219.1
Project("{F184B08F-C81C-45F6-A57F-5ABD9991F28F}") = "PizzaOrder", "PizzaOrder\PizzaOrder.vbproj", "{C034BE9B-32D5-4C2F-9DB4-8D1126A51DE0}"
EndProject
Global
	GlobalSection(SolutionConfigurationPlatforms) = preSolution
		Debug|Any CPU = Debug|Any CPU
		Release|Any CPU = Release|Any CPU
	EndGlobalSection
	GlobalSection(ProjectConfigurationPlatforms) = postSolution
		{C034BE9B-32D5-4C2F-9DB4-8D1126A51DE0}.Debug|Any CPU.ActiveCfg = Debug|Any CPU
		{C034BE9B-32D5-4C2F-9DB4-8D1126A51DE0}.Debug|Any CPU.Build.0 = Debug|Any CPU
		{C034BE9B-32D5-4C2F-9DB4-8D1126A51DE0}.Release|Any CPU.ActiveCfg = Release|Any CPU
		{C034BE9B-32D5-4C2F-9DB4-8D1126A51DE0}.Release|Any CPU.Build.0 = Release|Any CPU
	EndGlobalSection
	GlobalSection(SolutionProperties) = preSolution
		HideSolutionNode = FALSE
	EndGlobalSection
	GlobalSection(ExtensibilityGlobals) = postSolution
		SolutionGuid = {C492E09A-966E-48F4-B3F8-F673B5CD5C77}
	EndGlobalSection
EndGlobal
